
Microsoft Visual Studio Solution File, Format Version 12.00
# Visual Studio Version 16
VisualStudioVersion = 16.0.30413.136
MinimumVisualStudioVersion = 10.0.40219.1
Project("{9A19103F-16F7-4668-BE54-9A1E7A4F7556}") = "Clock", "Clock\Clock.csproj", "{7A6A1366-5F13-4679-840C-3BCB32CBF7A0}"
EndProject
Project("{9A19103F-16F7-4668-BE54-9A1E7A4F7556}") = "Clock.Tests", "Clock.Tests\Clock.Tests.csproj", "{498FDE68-82EA-471A-AD20-87982B992726}"
EndProject
Project("{9A19103F-16F7-4668-BE54-9A1E7A4F7556}") = "Clock.Web", "Clock.Web\Clock.Web.csproj", "{BEF27871-100E-41B6-9464-47717D773C69}"
EndProject
Project("{9A19103F-16F7-4668-BE54-9A1E7A4F7556}") = "Clock.Xamarin", "Clock.Xamarin\Clock.Xamarin.csproj", "{523F6539-D8A1-4E6D-AA87-7111408D027E}"
EndProject
Project("{FAE04EC0-301F-11D3-BF4B-00C04F79EFBC}") = "Clock.Xamarin.Android", "Clock.Xamarin.Android\Clock.Xamarin.Android.csproj", "{0A635765-C8EC-4F30-8A7F-D0ADA508B69E}"
EndProject
Project("{9A19103F-16F7-4668-BE54-9A1E7A4F7556}") = "Clock.IoC", "Clock.IoC\Clock.IoC.csproj", "{8216753B-5D4C-4BB1-A67E-3CF953685583}"
EndProject
Project("{FAE04EC0-301F-11D3-BF4B-00C04F79EFBC}") = "Clock.Desktop.Uwp", "Clock.Desktop.Uwp\Clock.Desktop.Uwp.csproj", "{6A3D1F6F-3296-4263-849C-2AEECFCE2513}"
EndProject
Project("{9A19103F-16F7-4668-BE54-9A1E7A4F7556}") = "Clock.Console", "Clock.Console\Clock.Console.csproj", "{B6C5559B-2609-4040-A981-AF1DB688F926}"
EndProject
Project("{FAE04EC0-301F-11D3-BF4B-00C04F79EFBC}") = "Clock.Desktop", "Clock.Desktop\Clock.Desktop.csproj", "{C2286800-5AE9-4B83-8F32-E2AFED2D9A79}"
EndProject
Project("{2150E333-8FDC-42A3-9474-1A3956D46DE8}") = "Solution Items", "Solution Items", "{DA43EE97-E26C-45D9-A635-D51249C65080}"
	ProjectSection(SolutionItems) = preProject
		context\.dockerignore = context\.dockerignore
		context\console.linux.dockerfile = context\console.linux.dockerfile
		context\console.windows.dockerfile = context\console.windows.dockerfile
		docs\habr.md = docs\habr.md
		context\web.linux.dockerfile = context\web.linux.dockerfile
		context\web.windows.dockerfile = context\web.windows.dockerfile
	EndProjectSection
EndProject
Global
	GlobalSection(SolutionConfigurationPlatforms) = preSolution
		Debug|Any CPU = Debug|Any CPU
		Debug|ARM = Debug|ARM
		Debug|x64 = Debug|x64
		Debug|x86 = Debug|x86
		Release|Any CPU = Release|Any CPU
		Release|ARM = Release|ARM
		Release|x64 = Release|x64
		Release|x86 = Release|x86
	EndGlobalSection
	GlobalSection(ProjectConfigurationPlatforms) = postSolution
		{7A6A1366-5F13-4679-840C-3BCB32CBF7A0}.Debug|Any CPU.ActiveCfg = Debug|Any CPU
		{7A6A1366-5F13-4679-840C-3BCB32CBF7A0}.Debug|Any CPU.Build.0 = Debug|Any CPU
		{7A6A1366-5F13-4679-840C-3BCB32CBF7A0}.Debug|ARM.ActiveCfg = Debug|Any CPU
		{7A6A1366-5F13-4679-840C-3BCB32CBF7A0}.Debug|ARM.Build.0 = Debug|Any CPU
		{7A6A1366-5F13-4679-840C-3BCB32CBF7A0}.Debug|x64.ActiveCfg = Debug|Any CPU
		{7A6A1366-5F13-4679-840C-3BCB32CBF7A0}.Debug|x64.Build.0 = Debug|Any CPU
		{7A6A1366-5F13-4679-840C-3BCB32CBF7A0}.Debug|x86.ActiveCfg = Debug|Any CPU
		{7A6A1366-5F13-4679-840C-3BCB32CBF7A0}.Debug|x86.Build.0 = Debug|Any CPU
		{7A6A1366-5F13-4679-840C-3BCB32CBF7A0}.Release|Any CPU.ActiveCfg = Release|Any CPU
		{7A6A1366-5F13-4679-840C-3BCB32CBF7A0}.Release|Any CPU.Build.0 = Release|Any CPU
		{7A6A1366-5F13-4679-840C-3BCB32CBF7A0}.Release|ARM.ActiveCfg = Release|Any CPU
		{7A6A1366-5F13-4679-840C-3BCB32CBF7A0}.Release|ARM.Build.0 = Release|Any CPU
		{7A6A1366-5F13-4679-840C-3BCB32CBF7A0}.Release|x64.ActiveCfg = Release|Any CPU
		{7A6A1366-5F13-4679-840C-3BCB32CBF7A0}.Release|x64.Build.0 = Release|Any CPU
		{7A6A1366-5F13-4679-840C-3BCB32CBF7A0}.Release|x86.ActiveCfg = Release|Any CPU
		{7A6A1366-5F13-4679-840C-3BCB32CBF7A0}.Release|x86.Build.0 = Release|Any CPU
		{498FDE68-82EA-471A-AD20-87982B992726}.Debug|Any CPU.ActiveCfg = Debug|Any CPU
		{498FDE68-82EA-471A-AD20-87982B992726}.Debug|Any CPU.Build.0 = Debug|Any CPU
		{498FDE68-82EA-471A-AD20-87982B992726}.Debug|ARM.ActiveCfg = Debug|Any CPU
		{498FDE68-82EA-471A-AD20-87982B992726}.Debug|ARM.Build.0 = Debug|Any CPU
		{498FDE68-82EA-471A-AD20-87982B992726}.Debug|x64.ActiveCfg = Debug|Any CPU
		{498FDE68-82EA-471A-AD20-87982B992726}.Debug|x64.Build.0 = Debug|Any CPU
		{498FDE68-82EA-471A-AD20-87982B992726}.Debug|x86.ActiveCfg = Debug|Any CPU
		{498FDE68-82EA-471A-AD20-87982B992726}.Debug|x86.Build.0 = Debug|Any CPU
		{498FDE68-82EA-471A-AD20-87982B992726}.Release|Any CPU.ActiveCfg = Release|Any CPU
		{498FDE68-82EA-471A-AD20-87982B992726}.Release|Any CPU.Build.0 = Release|Any CPU
		{498FDE68-82EA-471A-AD20-87982B992726}.Release|ARM.ActiveCfg = Release|Any CPU
		{498FDE68-82EA-471A-AD20-87982B992726}.Release|ARM.Build.0 = Release|Any CPU
		{498FDE68-82EA-471A-AD20-87982B992726}.Release|x64.ActiveCfg = Release|Any CPU
		{498FDE68-82EA-471A-AD20-87982B992726}.Release|x64.Build.0 = Release|Any CPU
		{498FDE68-82EA-471A-AD20-87982B992726}.Release|x86.ActiveCfg = Release|Any CPU
		{498FDE68-82EA-471A-AD20-87982B992726}.Release|x86.Build.0 = Release|Any CPU
		{BEF27871-100E-41B6-9464-47717D773C69}.Debug|Any CPU.ActiveCfg = Debug|Any CPU
		{BEF27871-100E-41B6-9464-47717D773C69}.Debug|Any CPU.Build.0 = Debug|Any CPU
		{BEF27871-100E-41B6-9464-47717D773C69}.Debug|ARM.ActiveCfg = Debug|Any CPU
		{BEF27871-100E-41B6-9464-47717D773C69}.Debug|ARM.Build.0 = Debug|Any CPU
		{BEF27871-100E-41B6-9464-47717D773C69}.Debug|x64.ActiveCfg = Debug|Any CPU
		{BEF27871-100E-41B6-9464-47717D773C69}.Debug|x64.Build.0 = Debug|Any CPU
		{BEF27871-100E-41B6-9464-47717D773C69}.Debug|x86.ActiveCfg = Debug|Any CPU
		{BEF27871-100E-41B6-9464-47717D773C69}.Debug|x86.Build.0 = Debug|Any CPU
		{BEF27871-100E-41B6-9464-47717D773C69}.Release|Any CPU.ActiveCfg = Release|Any CPU
		{BEF27871-100E-41B6-9464-47717D773C69}.Release|Any CPU.Build.0 = Release|Any CPU
		{BEF27871-100E-41B6-9464-47717D773C69}.Release|ARM.ActiveCfg = Release|Any CPU
		{BEF27871-100E-41B6-9464-47717D773C69}.Release|ARM.Build.0 = Release|Any CPU
		{BEF27871-100E-41B6-9464-47717D773C69}.Release|x64.ActiveCfg = Release|Any CPU
		{BEF27871-100E-41B6-9464-47717D773C69}.Release|x64.Build.0 = Release|Any CPU
		{BEF27871-100E-41B6-9464-47717D773C69}.Release|x86.ActiveCfg = Release|Any CPU
		{BEF27871-100E-41B6-9464-47717D773C69}.Release|x86.Build.0 = Release|Any CPU
		{523F6539-D8A1-4E6D-AA87-7111408D027E}.Debug|Any CPU.ActiveCfg = Debug|Any CPU
		{523F6539-D8A1-4E6D-AA87-7111408D027E}.Debug|Any CPU.Build.0 = Debug|Any CPU
		{523F6539-D8A1-4E6D-AA87-7111408D027E}.Debug|ARM.ActiveCfg = Debug|Any CPU
		{523F6539-D8A1-4E6D-AA87-7111408D027E}.Debug|ARM.Build.0 = Debug|Any CPU
		{523F6539-D8A1-4E6D-AA87-7111408D027E}.Debug|x64.ActiveCfg = Debug|Any CPU
		{523F6539-D8A1-4E6D-AA87-7111408D027E}.Debug|x64.Build.0 = Debug|Any CPU
		{523F6539-D8A1-4E6D-AA87-7111408D027E}.Debug|x86.ActiveCfg = Debug|Any CPU
		{523F6539-D8A1-4E6D-AA87-7111408D027E}.Debug|x86.Build.0 = Debug|Any CPU
		{523F6539-D8A1-4E6D-AA87-7111408D027E}.Release|Any CPU.ActiveCfg = Release|Any CPU
		{523F6539-D8A1-4E6D-AA87-7111408D027E}.Release|Any CPU.Build.0 = Release|Any CPU
		{523F6539-D8A1-4E6D-AA87-7111408D027E}.Release|ARM.ActiveCfg = Release|Any CPU
		{523F6539-D8A1-4E6D-AA87-7111408D027E}.Release|ARM.Build.0 = Release|Any CPU
		{523F6539-D8A1-4E6D-AA87-7111408D027E}.Release|x64.ActiveCfg = Release|Any CPU
		{523F6539-D8A1-4E6D-AA87-7111408D027E}.Release|x64.Build.0 = Release|Any CPU
		{523F6539-D8A1-4E6D-AA87-7111408D027E}.Release|x86.ActiveCfg = Release|Any CPU
		{523F6539-D8A1-4E6D-AA87-7111408D027E}.Release|x86.Build.0 = Release|Any CPU
		{0A635765-C8EC-4F30-8A7F-D0ADA508B69E}.Debug|Any CPU.ActiveCfg = Debug|Any CPU
		{0A635765-C8EC-4F30-8A7F-D0ADA508B69E}.Debug|Any CPU.Build.0 = Debug|Any CPU
		{0A635765-C8EC-4F30-8A7F-D0ADA508B69E}.Debug|Any CPU.Deploy.0 = Debug|Any CPU
		{0A635765-C8EC-4F30-8A7F-D0ADA508B69E}.Debug|ARM.ActiveCfg = Debug|Any CPU
		{0A635765-C8EC-4F30-8A7F-D0ADA508B69E}.Debug|ARM.Build.0 = Debug|Any CPU
		{0A635765-C8EC-4F30-8A7F-D0ADA508B69E}.Debug|ARM.Deploy.0 = Debug|Any CPU
		{0A635765-C8EC-4F30-8A7F-D0ADA508B69E}.Debug|x64.ActiveCfg = Debug|Any CPU
		{0A635765-C8EC-4F30-8A7F-D0ADA508B69E}.Debug|x64.Build.0 = Debug|Any CPU
		{0A635765-C8EC-4F30-8A7F-D0ADA508B69E}.Debug|x64.Deploy.0 = Debug|Any CPU
		{0A635765-C8EC-4F30-8A7F-D0ADA508B69E}.Debug|x86.ActiveCfg = Debug|Any CPU
		{0A635765-C8EC-4F30-8A7F-D0ADA508B69E}.Debug|x86.Build.0 = Debug|Any CPU
		{0A635765-C8EC-4F30-8A7F-D0ADA508B69E}.Debug|x86.Deploy.0 = Debug|Any CPU
		{0A635765-C8EC-4F30-8A7F-D0ADA508B69E}.Release|Any CPU.ActiveCfg = Release|Any CPU
		{0A635765-C8EC-4F30-8A7F-D0ADA508B69E}.Release|Any CPU.Build.0 = Release|Any CPU
		{0A635765-C8EC-4F30-8A7F-D0ADA508B69E}.Release|Any CPU.Deploy.0 = Release|Any CPU
		{0A635765-C8EC-4F30-8A7F-D0ADA508B69E}.Release|ARM.ActiveCfg = Release|Any CPU
		{0A635765-C8EC-4F30-8A7F-D0ADA508B69E}.Release|ARM.Build.0 = Release|Any CPU
		{0A635765-C8EC-4F30-8A7F-D0ADA508B69E}.Release|ARM.Deploy.0 = Release|Any CPU
		{0A635765-C8EC-4F30-8A7F-D0ADA508B69E}.Release|x64.ActiveCfg = Release|Any CPU
		{0A635765-C8EC-4F30-8A7F-D0ADA508B69E}.Release|x64.Build.0 = Release|Any CPU
		{0A635765-C8EC-4F30-8A7F-D0ADA508B69E}.Release|x64.Deploy.0 = Release|Any CPU
		{0A635765-C8EC-4F30-8A7F-D0ADA508B69E}.Release|x86.ActiveCfg = Release|Any CPU
		{0A635765-C8EC-4F30-8A7F-D0ADA508B69E}.Release|x86.Build.0 = Release|Any CPU
		{0A635765-C8EC-4F30-8A7F-D0ADA508B69E}.Release|x86.Deploy.0 = Release|Any CPU
		{8216753B-5D4C-4BB1-A67E-3CF953685583}.Debug|Any CPU.ActiveCfg = Debug|Any CPU
		{8216753B-5D4C-4BB1-A67E-3CF953685583}.Debug|Any CPU.Build.0 = Debug|Any CPU
		{8216753B-5D4C-4BB1-A67E-3CF953685583}.Debug|ARM.ActiveCfg = Debug|Any CPU
		{8216753B-5D4C-4BB1-A67E-3CF953685583}.Debug|ARM.Build.0 = Debug|Any CPU
		{8216753B-5D4C-4BB1-A67E-3CF953685583}.Debug|x64.ActiveCfg = Debug|Any CPU
		{8216753B-5D4C-4BB1-A67E-3CF953685583}.Debug|x64.Build.0 = Debug|Any CPU
		{8216753B-5D4C-4BB1-A67E-3CF953685583}.Debug|x86.ActiveCfg = Debug|Any CPU
		{8216753B-5D4C-4BB1-A67E-3CF953685583}.Debug|x86.Build.0 = Debug|Any CPU
		{8216753B-5D4C-4BB1-A67E-3CF953685583}.Release|Any CPU.ActiveCfg = Release|Any CPU
		{8216753B-5D4C-4BB1-A67E-3CF953685583}.Release|Any CPU.Build.0 = Release|Any CPU
		{8216753B-5D4C-4BB1-A67E-3CF953685583}.Release|ARM.ActiveCfg = Release|Any CPU
		{8216753B-5D4C-4BB1-A67E-3CF953685583}.Release|ARM.Build.0 = Release|Any CPU
		{8216753B-5D4C-4BB1-A67E-3CF953685583}.Release|x64.ActiveCfg = Release|Any CPU
		{8216753B-5D4C-4BB1-A67E-3CF953685583}.Release|x64.Build.0 = Release|Any CPU
		{8216753B-5D4C-4BB1-A67E-3CF953685583}.Release|x86.ActiveCfg = Release|Any CPU
		{8216753B-5D4C-4BB1-A67E-3CF953685583}.Release|x86.Build.0 = Release|Any CPU
		{6A3D1F6F-3296-4263-849C-2AEECFCE2513}.Debug|Any CPU.ActiveCfg = Debug|x86
		{6A3D1F6F-3296-4263-849C-2AEECFCE2513}.Debug|ARM.ActiveCfg = Debug|ARM
		{6A3D1F6F-3296-4263-849C-2AEECFCE2513}.Debug|ARM.Build.0 = Debug|ARM
		{6A3D1F6F-3296-4263-849C-2AEECFCE2513}.Debug|ARM.Deploy.0 = Debug|ARM
		{6A3D1F6F-3296-4263-849C-2AEECFCE2513}.Debug|x64.ActiveCfg = Debug|x64
		{6A3D1F6F-3296-4263-849C-2AEECFCE2513}.Debug|x64.Build.0 = Debug|x64
		{6A3D1F6F-3296-4263-849C-2AEECFCE2513}.Debug|x64.Deploy.0 = Debug|x64
		{6A3D1F6F-3296-4263-849C-2AEECFCE2513}.Debug|x86.ActiveCfg = Debug|x86
		{6A3D1F6F-3296-4263-849C-2AEECFCE2513}.Debug|x86.Build.0 = Debug|x86
		{6A3D1F6F-3296-4263-849C-2AEECFCE2513}.Debug|x86.Deploy.0 = Debug|x86
		{6A3D1F6F-3296-4263-849C-2AEECFCE2513}.Release|Any CPU.ActiveCfg = Release|x86
		{6A3D1F6F-3296-4263-849C-2AEECFCE2513}.Release|ARM.ActiveCfg = Release|ARM
		{6A3D1F6F-3296-4263-849C-2AEECFCE2513}.Release|ARM.Build.0 = Release|ARM
		{6A3D1F6F-3296-4263-849C-2AEECFCE2513}.Release|ARM.Deploy.0 = Release|ARM
		{6A3D1F6F-3296-4263-849C-2AEECFCE2513}.Release|x64.ActiveCfg = Release|x64
		{6A3D1F6F-3296-4263-849C-2AEECFCE2513}.Release|x64.Build.0 = Release|x64
		{6A3D1F6F-3296-4263-849C-2AEECFCE2513}.Release|x64.Deploy.0 = Release|x64
		{6A3D1F6F-3296-4263-849C-2AEECFCE2513}.Release|x86.ActiveCfg = Release|x86
		{6A3D1F6F-3296-4263-849C-2AEECFCE2513}.Release|x86.Build.0 = Release|x86
		{6A3D1F6F-3296-4263-849C-2AEECFCE2513}.Release|x86.Deploy.0 = Release|x86
		{B6C5559B-2609-4040-A981-AF1DB688F926}.Debug|Any CPU.ActiveCfg = Debug|Any CPU
		{B6C5559B-2609-4040-A981-AF1DB688F926}.Debug|Any CPU.Build.0 = Debug|Any CPU
		{B6C5559B-2609-4040-A981-AF1DB688F926}.Debug|ARM.ActiveCfg = Debug|Any CPU
		{B6C5559B-2609-4040-A981-AF1DB688F926}.Debug|ARM.Build.0 = Debug|Any CPU
		{B6C5559B-2609-4040-A981-AF1DB688F926}.Debug|x64.ActiveCfg = Debug|Any CPU
		{B6C5559B-2609-4040-A981-AF1DB688F926}.Debug|x64.Build.0 = Debug|Any CPU
		{B6C5559B-2609-4040-A981-AF1DB688F926}.Debug|x86.ActiveCfg = Debug|Any CPU
		{B6C5559B-2609-4040-A981-AF1DB688F926}.Debug|x86.Build.0 = Debug|Any CPU
		{B6C5559B-2609-4040-A981-AF1DB688F926}.Release|Any CPU.ActiveCfg = Release|Any CPU
		{B6C5559B-2609-4040-A981-AF1DB688F926}.Release|Any CPU.Build.0 = Release|Any CPU
		{B6C5559B-2609-4040-A981-AF1DB688F926}.Release|ARM.ActiveCfg = Release|Any CPU
		{B6C5559B-2609-4040-A981-AF1DB688F926}.Release|ARM.Build.0 = Release|Any CPU
		{B6C5559B-2609-4040-A981-AF1DB688F926}.Release|x64.ActiveCfg = Release|Any CPU
		{B6C5559B-2609-4040-A981-AF1DB688F926}.Release|x64.Build.0 = Release|Any CPU
		{B6C5559B-2609-4040-A981-AF1DB688F926}.Release|x86.ActiveCfg = Release|Any CPU
		{B6C5559B-2609-4040-A981-AF1DB688F926}.Release|x86.Build.0 = Release|Any CPU
		{C2286800-5AE9-4B83-8F32-E2AFED2D9A79}.Debug|Any CPU.ActiveCfg = Debug|Any CPU
		{C2286800-5AE9-4B83-8F32-E2AFED2D9A79}.Debug|Any CPU.Build.0 = Debug|Any CPU
		{C2286800-5AE9-4B83-8F32-E2AFED2D9A79}.Debug|ARM.ActiveCfg = Debug|Any CPU
		{C2286800-5AE9-4B83-8F32-E2AFED2D9A79}.Debug|ARM.Build.0 = Debug|Any CPU
		{C2286800-5AE9-4B83-8F32-E2AFED2D9A79}.Debug|x64.ActiveCfg = Debug|Any CPU
		{C2286800-5AE9-4B83-8F32-E2AFED2D9A79}.Debug|x64.Build.0 = Debug|Any CPU
		{C2286800-5AE9-4B83-8F32-E2AFED2D9A79}.Debug|x86.ActiveCfg = Debug|Any CPU
		{C2286800-5AE9-4B83-8F32-E2AFED2D9A79}.Debug|x86.Build.0 = Debug|Any CPU
		{C2286800-5AE9-4B83-8F32-E2AFED2D9A79}.Release|Any CPU.ActiveCfg = Release|Any CPU
		{C2286800-5AE9-4B83-8F32-E2AFED2D9A79}.Release|Any CPU.Build.0 = Release|Any CPU
		{C2286800-5AE9-4B83-8F32-E2AFED2D9A79}.Release|ARM.ActiveCfg = Release|Any CPU
		{C2286800-5AE9-4B83-8F32-E2AFED2D9A79}.Release|ARM.Build.0 = Release|Any CPU
		{C2286800-5AE9-4B83-8F32-E2AFED2D9A79}.Release|x64.ActiveCfg = Release|Any CPU
		{C2286800-5AE9-4B83-8F32-E2AFED2D9A79}.Release|x64.Build.0 = Release|Any CPU
		{C2286800-5AE9-4B83-8F32-E2AFED2D9A79}.Release|x86.ActiveCfg = Release|Any CPU
		{C2286800-5AE9-4B83-8F32-E2AFED2D9A79}.Release|x86.Build.0 = Release|Any CPU
	EndGlobalSection
	GlobalSection(SolutionProperties) = preSolution
		HideSolutionNode = FALSE
	EndGlobalSection
	GlobalSection(ExtensibilityGlobals) = postSolution
		SolutionGuid = {349AD148-810F-4C6C-8E10-1DB3FD617626}
	EndGlobalSection
EndGlobal
